
Microsoft Visual Studio Solution File, Format Version 12.00
# Visual Studio 15
VisualStudioVersion = 15.0.27130.2024
MinimumVisualStudioVersion = 10.0.40219.1
Project("{FAE04EC0-301F-11D3-BF4B-00C04F79EFBC}") = "WeatherTZ", "ConsoleApp7\WeatherTZ.csproj", "{5CB976C9-F4DA-47B1-B1B6-6E9C9F0227EA}"
EndProject
Global
	GlobalSection(SolutionConfigurationPlatforms) = preSolution
		Debug|Any CPU = Debug|Any CPU
		Release|Any CPU = Release|Any CPU
	EndGlobalSection
	GlobalSection(ProjectConfigurationPlatforms) = postSolution
		{5CB976C9-F4DA-47B1-B1B6-6E9C9F0227EA}.Debug|Any CPU.ActiveCfg = Debug|Any CPU
		{5CB976C9-F4DA-47B1-B1B6-6E9C9F0227EA}.Debug|Any CPU.Build.0 = Debug|Any CPU
		{5CB976C9-F4DA-47B1-B1B6-6E9C9F0227EA}.Release|Any CPU.ActiveCfg = Release|Any CPU
		{5CB976C9-F4DA-47B1-B1B6-6E9C9F0227EA}.Release|Any CPU.Build.0 = Release|Any CPU
	EndGlobalSection
	GlobalSection(SolutionProperties) = preSolution
		HideSolutionNode = FALSE
	EndGlobalSection
	GlobalSection(ExtensibilityGlobals) = postSolution
		SolutionGuid = {2128EAE6-3B34-4C19-88AF-9480E0D99100}
	EndGlobalSection
EndGlobal
